// !$*UTF8*$!
{
	archiveVersion = 1;
	classes = {
	};
	objectVersion = 56;
	objects = {

/* Begin PBXBuildFile section */
		F003B5BE2ACE95D10093CE2F /* adhdappApp.swift in Sources */ = {isa = PBXBuildFile; fileRef = F003B5BD2ACE95D10093CE2F /* adhdappApp.swift */; };
		F003B5C02ACE95D10093CE2F /* munjez.swift in Sources */ = {isa = PBXBuildFile; fileRef = F003B5BF2ACE95D10093CE2F /* munjez.swift */; };
		F003B5C22ACE95D20093CE2F /* Assets.xcassets in Resources */ = {isa = PBXBuildFile; fileRef = F003B5C12ACE95D20093CE2F /* Assets.xcassets */; };
		F003B5C52ACE95D20093CE2F /* Preview Assets.xcassets in Resources */ = {isa = PBXBuildFile; fileRef = F003B5C42ACE95D20093CE2F /* Preview Assets.xcassets */; };
		F01E15B42AD04122007995CF /* MyFonts.ttf in Resources */ = {isa = PBXBuildFile; fileRef = F01E15B32AD04122007995CF /* MyFonts.ttf */; };
		F07ABC3A2AD7509A00CE4A95 /* SecletButton2.swift in Sources */ = {isa = PBXBuildFile; fileRef = F07ABC392AD7509A00CE4A95 /* SecletButton2.swift */; };
		F0BF081B2AD68E6800DD1B75 /* SelectButton.swift in Sources */ = {isa = PBXBuildFile; fileRef = F0BF081A2AD68E6800DD1B75 /* SelectButton.swift */; };
		F0F6C0CC2AD5D6DE009EDDAF /* choosePets.swift in Sources */ = {isa = PBXBuildFile; fileRef = F0F6C0CB2AD5D6DE009EDDAF /* choosePets.swift */; };
		F0F6C0CE2AD5D890009EDDAF /* SelectTask.swift in Sources */ = {isa = PBXBuildFile; fileRef = F0F6C0CD2AD5D890009EDDAF /* SelectTask.swift */; };
/* End PBXBuildFile section */

/* Begin PBXFileReference section */
		F003B5BA2ACE95D10093CE2F /* adhdapp.app */ = {isa = PBXFileReference; explicitFileType = wrapper.application; includeInIndex = 0; path = adhdapp.app; sourceTree = BUILT_PRODUCTS_DIR; };
		F003B5BD2ACE95D10093CE2F /* adhdappApp.swift */ = {isa = PBXFileReference; lastKnownFileType = sourcecode.swift; path = adhdappApp.swift; sourceTree = "<group>"; };
		F003B5BF2ACE95D10093CE2F /* munjez.swift */ = {isa = PBXFileReference; lastKnownFileType = sourcecode.swift; path = munjez.swift; sourceTree = "<group>"; };
		F003B5C12ACE95D20093CE2F /* Assets.xcassets */ = {isa = PBXFileReference; lastKnownFileType = folder.assetcatalog; path = Assets.xcassets; sourceTree = "<group>"; };
		F003B5C42ACE95D20093CE2F /* Preview Assets.xcassets */ = {isa = PBXFileReference; lastKnownFileType = folder.assetcatalog; path = "Preview Assets.xcassets"; sourceTree = "<group>"; };
		F01E15B22AD03E9F007995CF /* Info.plist */ = {isa = PBXFileReference; lastKnownFileType = text.plist; path = Info.plist; sourceTree = "<group>"; };
		F01E15B32AD04122007995CF /* MyFonts.ttf */ = {isa = PBXFileReference; lastKnownFileType = file; path = MyFonts.ttf; sourceTree = "<group>"; };
		F07ABC392AD7509A00CE4A95 /* SecletButton2.swift */ = {isa = PBXFileReference; lastKnownFileType = sourcecode.swift; path = SecletButton2.swift; sourceTree = "<group>"; };
		F0BF081A2AD68E6800DD1B75 /* SelectButton.swift */ = {isa = PBXFileReference; lastKnownFileType = sourcecode.swift; path = SelectButton.swift; sourceTree = "<group>"; };
		F0F6C0CB2AD5D6DE009EDDAF /* choosePets.swift */ = {isa = PBXFileReference; lastKnownFileType = sourcecode.swift; path = choosePets.swift; sourceTree = "<group>"; };
		F0F6C0CD2AD5D890009EDDAF /* SelectTask.swift */ = {isa = PBXFileReference; lastKnownFileType = sourcecode.swift; path = SelectTask.swift; sourceTree = "<group>"; };
/* End PBXFileReference section */

/* Begin PBXFrameworksBuildPhase section */
		F003B5B72ACE95D10093CE2F /* Frameworks */ = {
			isa = PBXFrameworksBuildPhase;
			buildActionMask = 2147483647;
			files = (
			);
			runOnlyForDeploymentPostprocessing = 0;
		};
/* End PBXFrameworksBuildPhase section */

/* Begin PBXGroup section */
		F003B5B12ACE95D10093CE2F = {
			isa = PBXGroup;
			children = (
				F003B5BC2ACE95D10093CE2F /* adhdapp */,
				F003B5BB2ACE95D10093CE2F /* Products */,
			);
			sourceTree = "<group>";
		};
		F003B5BB2ACE95D10093CE2F /* Products */ = {
			isa = PBXGroup;
			children = (
				F003B5BA2ACE95D10093CE2F /* adhdapp.app */,
			);
			name = Products;
			sourceTree = "<group>";
		};
		F003B5BC2ACE95D10093CE2F /* adhdapp */ = {
			isa = PBXGroup;
			children = (
				F01E15AF2AD03DF2007995CF /* fonts */,
				F003B5BD2ACE95D10093CE2F /* adhdappApp.swift */,
				F003B5BF2ACE95D10093CE2F /* munjez.swift */,
				F0F6C0CB2AD5D6DE009EDDAF /* choosePets.swift */,
				F0F6C0CD2AD5D890009EDDAF /* SelectTask.swift */,
				F0BF081A2AD68E6800DD1B75 /* SelectButton.swift */,
				F07ABC392AD7509A00CE4A95 /* SecletButton2.swift */,
				F003B5C12ACE95D20093CE2F /* Assets.xcassets */,
				F01E15B22AD03E9F007995CF /* Info.plist */,
				F003B5C32ACE95D20093CE2F /* Preview Content */,
			);
			path = adhdapp;
			sourceTree = "<group>";
		};
		F003B5C32ACE95D20093CE2F /* Preview Content */ = {
			isa = PBXGroup;
			children = (
				F003B5C42ACE95D20093CE2F /* Preview Assets.xcassets */,
			);
			path = "Preview Content";
			sourceTree = "<group>";
		};
		F01E15AF2AD03DF2007995CF /* fonts */ = {
			isa = PBXGroup;
			children = (
				F01E15B32AD04122007995CF /* MyFonts.ttf */,
			);
			path = fonts;
			sourceTree = "<group>";
		};
/* End PBXGroup section */

/* Begin PBXNativeTarget section */
		F003B5B92ACE95D10093CE2F /* adhdapp */ = {
			isa = PBXNativeTarget;
			buildConfigurationList = F003B5C82ACE95D20093CE2F /* Build configuration list for PBXNativeTarget "adhdapp" */;
			buildPhases = (
				F003B5B62ACE95D10093CE2F /* Sources */,
				F003B5B72ACE95D10093CE2F /* Frameworks */,
				F003B5B82ACE95D10093CE2F /* Resources */,
			);
			buildRules = (
			);
			dependencies = (
			);
			name = adhdapp;
			productName = adhdapp;
			productReference = F003B5BA2ACE95D10093CE2F /* adhdapp.app */;
			productType = "com.apple.product-type.application";
		};
/* End PBXNativeTarget section */

/* Begin PBXProject section */
		F003B5B22ACE95D10093CE2F /* Project object */ = {
			isa = PBXProject;
			attributes = {
				BuildIndependentTargetsInParallel = 1;
				LastSwiftUpdateCheck = 1430;
				LastUpgradeCheck = 1430;
				TargetAttributes = {
					F003B5B92ACE95D10093CE2F = {
						CreatedOnToolsVersion = 14.3.1;
					};
				};
			};
			buildConfigurationList = F003B5B52ACE95D10093CE2F /* Build configuration list for PBXProject "adhdapp" */;
			compatibilityVersion = "Xcode 14.0";
			developmentRegion = en;
			hasScannedForEncodings = 0;
			knownRegions = (
				en,
				Base,
			);
			mainGroup = F003B5B12ACE95D10093CE2F;
			productRefGroup = F003B5BB2ACE95D10093CE2F /* Products */;
			projectDirPath = "";
			projectRoot = "";
			targets = (
				F003B5B92ACE95D10093CE2F /* adhdapp */,
			);
		};
/* End PBXProject section */

/* Begin PBXResourcesBuildPhase section */
		F003B5B82ACE95D10093CE2F /* Resources */ = {
			isa = PBXResourcesBuildPhase;
			buildActionMask = 2147483647;
			files = (
				F003B5C52ACE95D20093CE2F /* Preview Assets.xcassets in Resources */,
				F003B5C22ACE95D20093CE2F /* Assets.xcassets in Resources */,
				F01E15B42AD04122007995CF /* MyFonts.ttf in Resources */,
			);
			runOnlyForDeploymentPostprocessing = 0;
		};
/* End PBXResourcesBuildPhase section */

/* Begin PBXSourcesBuildPhase section */
		F003B5B62ACE95D10093CE2F /* Sources */ = {
			isa = PBXSourcesBuildPhase;
			buildActionMask = 2147483647;
			files = (
				F0F6C0CC2AD5D6DE009EDDAF /* choosePets.swift in Sources */,
				F003B5C02ACE95D10093CE2F /* munjez.swift in Sources */,
				F0BF081B2AD68E6800DD1B75 /* SelectButton.swift in Sources */,
				F0F6C0CE2AD5D890009EDDAF /* SelectTask.swift in Sources */,
				F07ABC3A2AD7509A00CE4A95 /* SecletButton2.swift in Sources */,
				F003B5BE2ACE95D10093CE2F /* adhdappApp.swift in Sources */,
			);
			runOnlyForDeploymentPostprocessing = 0;
		};
/* End PBXSourcesBuildPhase section */

/* Begin XCBuildConfiguration section */
		F003B5C62ACE95D20093CE2F /* Debug */ = {
			isa = XCBuildConfiguration;
			buildSettings = {
				ALWAYS_SEARCH_USER_PATHS = NO;
				CLANG_ANALYZER_NONNULL = YES;
				CLANG_ANALYZER_NUMBER_OBJECT_CONVERSION = YES_AGGRESSIVE;
				CLANG_CXX_LANGUAGE_STANDARD = "gnu++20";
				CLANG_ENABLE_MODULES = YES;
				CLANG_ENABLE_OBJC_ARC = YES;
				CLANG_ENABLE_OBJC_WEAK = YES;
				CLANG_WARN_BLOCK_CAPTURE_AUTORELEASING = YES;
				CLANG_WARN_BOOL_CONVERSION = YES;
				CLANG_WARN_COMMA = YES;
				CLANG_WARN_CONSTANT_CONVERSION = YES;
				CLANG_WARN_DEPRECATED_OBJC_IMPLEMENTATIONS = YES;
				CLANG_WARN_DIRECT_OBJC_ISA_USAGE = YES_ERROR;
				CLANG_WARN_DOCUMENTATION_COMMENTS = YES;
				CLANG_WARN_EMPTY_BODY = YES;
				CLANG_WARN_ENUM_CONVERSION = YES;
				CLANG_WARN_INFINITE_RECURSION = YES;
				CLANG_WARN_INT_CONVERSION = YES;
				CLANG_WARN_NON_LITERAL_NULL_CONVERSION = YES;
				CLANG_WARN_OBJC_IMPLICIT_RETAIN_SELF = YES;
				CLANG_WARN_OBJC_LITERAL_CONVERSION = YES;
				CLANG_WARN_OBJC_ROOT_CLASS = YES_ERROR;
				CLANG_WARN_QUOTED_INCLUDE_IN_FRAMEWORK_HEADER = YES;
				CLANG_WARN_RANGE_LOOP_ANALYSIS = YES;
				CLANG_WARN_STRICT_PROTOTYPES = YES;
				CLANG_WARN_SUSPICIOUS_MOVE = YES;
				CLANG_WARN_UNGUARDED_AVAILABILITY = YES_AGGRESSIVE;
				CLANG_WARN_UNREACHABLE_CODE = YES;
				CLANG_WARN__DUPLICATE_METHOD_MATCH = YES;
				COPY_PHASE_STRIP = NO;
				DEBUG_INFORMATION_FORMAT = dwarf;
				ENABLE_STRICT_OBJC_MSGSEND = YES;
				ENABLE_TESTABILITY = YES;
				GCC_C_LANGUAGE_STANDARD = gnu11;
				GCC_DYNAMIC_NO_PIC = NO;
				GCC_NO_COMMON_BLOCKS = YES;
				GCC_OPTIMIZATION_LEVEL = 0;
				GCC_PREPROCESSOR_DEFINITIONS = (
					"DEBUG=1",
					"$(inherited)",
				);
				GCC_WARN_64_TO_32_BIT_CONVERSION = YES;
				GCC_WARN_ABOUT_RETURN_TYPE = YES_ERROR;
				GCC_WARN_UNDECLARED_SELECTOR = YES;
				GCC_WARN_UNINITIALIZED_AUTOS = YES_AGGRESSIVE;
				GCC_WARN_UNUSED_FUNCTION = YES;
				GCC_WARN_UNUSED_VARIABLE = YES;
				IPHONEOS_DEPLOYMENT_TARGET = 16.4;
				MTL_ENABLE_DEBUG_INFO = INCLUDE_SOURCE;
				MTL_FAST_MATH = YES;
				ONLY_ACTIVE_ARCH = YES;
				SDKROOT = iphoneos;
				SWIFT_ACTIVE_COMPILATION_CONDITIONS = DEBUG;
				SWIFT_OPTIMIZATION_LEVEL = "-Onone";
			};
			name = Debug;
		};
		F003B5C72ACE95D20093CE2F /* Release */ = {
			isa = XCBuildConfiguration;
			buildSettings = {
				ALWAYS_SEARCH_USER_PATHS = NO;
				CLANG_ANALYZER_NONNULL = YES;
				CLANG_ANALYZER_NUMBER_OBJECT_CONVERSION = YES_AGGRESSIVE;
				CLANG_CXX_LANGUAGE_STANDARD = "gnu++20";
				CLANG_ENABLE_MODULES = YES;
				CLANG_ENABLE_OBJC_ARC = YES;
				CLANG_ENABLE_OBJC_WEAK = YES;
				CLANG_WARN_BLOCK_CAPTURE_AUTORELEASING = YES;
				CLANG_WARN_BOOL_CONVERSION = YES;
				CLANG_WARN_COMMA = YES;
				CLANG_WARN_CONSTANT_CONVERSION = YES;
				CLANG_WARN_DEPRECATED_OBJC_IMPLEMENTATIONS = YES;
				CLANG_WARN_DIRECT_OBJC_ISA_USAGE = YES_ERROR;
				CLANG_WARN_DOCUMENTATION_COMMENTS = YES;
				CLANG_WARN_EMPTY_BODY = YES;
				CLANG_WARN_ENUM_CONVERSION = YES;
				CLANG_WARN_INFINITE_RECURSION = YES;
				CLANG_WARN_INT_CONVERSION = YES;
				CLANG_WARN_NON_LITERAL_NULL_CONVERSION = YES;
				CLANG_WARN_OBJC_IMPLICIT_RETAIN_SELF = YES;
				CLANG_WARN_OBJC_LITERAL_CONVERSION = YES;
				CLANG_WARN_OBJC_ROOT_CLASS = YES_ERROR;
				CLANG_WARN_QUOTED_INCLUDE_IN_FRAMEWORK_HEADER = YES;
				CLANG_WARN_RANGE_LOOP_ANALYSIS = YES;
				CLANG_WARN_STRICT_PROTOTYPES = YES;
				CLANG_WARN_SUSPICIOUS_MOVE = YES;
				CLANG_WARN_UNGUARDED_AVAILABILITY = YES_AGGRESSIVE;
				CLANG_WARN_UNREACHABLE_CODE = YES;
				CLANG_WARN__DUPLICATE_METHOD_MATCH = YES;
				COPY_PHASE_STRIP = NO;
				DEBUG_INFORMATION_FORMAT = "dwarf-with-dsym";
				ENABLE_NS_ASSERTIONS = NO;
				ENABLE_STRICT_OBJC_MSGSEND = YES;
				GCC_C_LANGUAGE_STANDARD = gnu11;
				GCC_NO_COMMON_BLOCKS = YES;
				GCC_WARN_64_TO_32_BIT_CONVERSION = YES;
				GCC_WARN_ABOUT_RETURN_TYPE = YES_ERROR;
				GCC_WARN_UNDECLARED_SELECTOR = YES;
				GCC_WARN_UNINITIALIZED_AUTOS = YES_AGGRESSIVE;
				GCC_WARN_UNUSED_FUNCTION = YES;
				GCC_WARN_UNUSED_VARIABLE = YES;
				IPHONEOS_DEPLOYMENT_TARGET = 16.4;
				MTL_ENABLE_DEBUG_INFO = NO;
				MTL_FAST_MATH = YES;
				SDKROOT = iphoneos;
				SWIFT_COMPILATION_MODE = wholemodule;
				SWIFT_OPTIMIZATION_LEVEL = "-O";
				VALIDATE_PRODUCT = YES;
			};
			name = Release;
		};
		F003B5C92ACE95D20093CE2F /* Debug */ = {
			isa = XCBuildConfiguration;
			buildSettings = {
				ASSETCATALOG_COMPILER_APPICON_NAME = AppIcon;
				ASSETCATALOG_COMPILER_GLOBAL_ACCENT_COLOR_NAME = AccentColor;
				CODE_SIGN_STYLE = Automatic;
				CURRENT_PROJECT_VERSION = 1;
				DEVELOPMENT_ASSET_PATHS = "\"adhdapp/Preview Content\"";
				ENABLE_PREVIEWS = YES;
				GENERATE_INFOPLIST_FILE = YES;
				INFOPLIST_FILE = adhdapp/Info.plist;
				INFOPLIST_KEY_UIApplicationSceneManifest_Generation = YES;
				INFOPLIST_KEY_UIApplicationSupportsIndirectInputEvents = YES;
				INFOPLIST_KEY_UILaunchScreen_Generation = YES;
				INFOPLIST_KEY_UISupportedInterfaceOrientations_iPad = "UIInterfaceOrientationPortrait UIInterfaceOrientationPortraitUpsideDown UIInterfaceOrientationLandscapeLeft UIInterfaceOrientationLandscapeRight";
				INFOPLIST_KEY_UISupportedInterfaceOrientations_iPhone = "UIInterfaceOrientationPortrait UIInterfaceOrientationLandscapeLeft UIInterfaceOrientationLandscapeRight";
				LD_RUNPATH_SEARCH_PATHS = (
					"$(inherited)",
					"@executable_path/Frameworks",
				);
				MARKETING_VERSION = 1.0;
				PRODUCT_BUNDLE_IDENTIFIER = Ahlam.adhdapp;
				PRODUCT_NAME = "$(TARGET_NAME)";
				SWIFT_EMIT_LOC_STRINGS = YES;
				SWIFT_VERSION = 5.0;
				TARGETED_DEVICE_FAMILY = "1,2";
			};
			name = Debug;
		};
		F003B5CA2ACE95D20093CE2F /* Release */ = {
			isa = XCBuildConfiguration;
			buildSettings = {
				ASSETCATALOG_COMPILER_APPICON_NAME = AppIcon;
				ASSETCATALOG_COMPILER_GLOBAL_ACCENT_COLOR_NAME = AccentColor;
				CODE_SIGN_STYLE = Automatic;
				CURRENT_PROJECT_VERSION = 1;
				DEVELOPMENT_ASSET_PATHS = "\"adhdapp/Preview Content\"";
				ENABLE_PREVIEWS = YES;
				GENERATE_INFOPLIST_FILE = YES;
				INFOPLIST_FILE = adhdapp/Info.plist;
				INFOPLIST_KEY_UIApplicationSceneManifest_Generation = YES;
				INFOPLIST_KEY_UIApplicationSupportsIndirectInputEvents = YES;
				INFOPLIST_KEY_UILaunchScreen_Generation = YES;
				INFOPLIST_KEY_UISupportedInterfaceOrientations_iPad = "UIInterfaceOrientationPortrait UIInterfaceOrientationPortraitUpsideDown UIInterfaceOrientationLandscapeLeft UIInterfaceOrientationLandscapeRight";
				INFOPLIST_KEY_UISupportedInterfaceOrientations_iPhone = "UIInterfaceOrientationPortrait UIInterfaceOrientationLandscapeLeft UIInterfaceOrientationLandscapeRight";
				LD_RUNPATH_SEARCH_PATHS = (
					"$(inherited)",
					"@executable_path/Frameworks",
				);
				MARKETING_VERSION = 1.0;
				PRODUCT_BUNDLE_IDENTIFIER = Ahlam.adhdapp;
				PRODUCT_NAME = "$(TARGET_NAME)";
				SWIFT_EMIT_LOC_STRINGS = YES;
				SWIFT_VERSION = 5.0;
				TARGETED_DEVICE_FAMILY = "1,2";
			};
			name = Release;
		};
/* End XCBuildConfiguration section */

/* Begin XCConfigurationList section */
		F003B5B52ACE95D10093CE2F /* Build configuration list for PBXProject "adhdapp" */ = {
			isa = XCConfigurationList;
			buildConfigurations = (
				F003B5C62ACE95D20093CE2F /* Debug */,
				F003B5C72ACE95D20093CE2F /* Release */,
			);
			defaultConfigurationIsVisible = 0;
			defaultConfigurationName = Release;
		};
		F003B5C82ACE95D20093CE2F /* Build configuration list for PBXNativeTarget "adhdapp" */ = {
			isa = XCConfigurationList;
			buildConfigurations = (
				F003B5C92ACE95D20093CE2F /* Debug */,
				F003B5CA2ACE95D20093CE2F /* Release */,
			);
			defaultConfigurationIsVisible = 0;
			defaultConfigurationName = Release;
		};
/* End XCConfigurationList section */
	};
	rootObject = F003B5B22ACE95D10093CE2F /* Project object */;
}
